# This file is automatically @generated by Wally.
# It is not intended for manual editing.
registry = "test"

[[package]]
name = "acecateer/fusion"
version = "0.3.1"
dependencies = []

[[package]]
name = "evaera/promise"
version = "4.0.0"
dependencies = []

[[package]]
name = "shebov3/roblox"
version = "1.0.0"
dependencies = [["fusion", "acecateer/fusion@0.3.1"], ["promise", "evaera/promise@4.0.0"]]
