# This file is automatically @generated by Wally.
# It is not intended for manual editing.
registry = "test"

[[package]]
name = "1foreverhd/topbarplus"
version = "3.0.2"
dependencies = []

[[package]]
name = "7kayoh/lydie"
version = "0.1.0"
dependencies = [["Fusion", "elttob/fusion@0.2.0"]]

[[package]]
name = "boatbomber/boattween"
version = "1.0.1"
dependencies = []

[[package]]
name = "elttob/fusion"
version = "0.2.0"
dependencies = []

[[package]]
name = "evaera/promise"
version = "4.0.0"
dependencies = []

[[package]]
name = "hexcede/fusion-utils"
version = "0.1.2"
dependencies = [["Fusion", "elttob/fusion@0.2.0"]]

[[package]]
name = "imavafe/neohotbar"
version = "1.1.1"
dependencies = [["Fusion", "elttob/fusion@0.2.0"], ["FusionUtils", "hexcede/fusion-utils@0.1.2"]]

[[package]]
name = "imezx/warp"
version = "1.0.12"
dependencies = []

[[package]]
name = "jakeywastaken/smartbone-2"
version = "0.3.1"
dependencies = []

[[package]]
name = "lukadev-0/typed-promise"
version = "4.0.2"
dependencies = [["Promise", "evaera/promise@4.0.0"]]

[[package]]
name = "mastrickdev/spring"
version = "0.2.4"
dependencies = [["Promise", "lukadev-0/typed-promise@4.0.2"]]

[[package]]
name = "michael-48/iris"
version = "2.2.0"
dependencies = []

[[package]]
name = "red-blox/bin"
version = "1.0.0"
dependencies = [["Spawn", "red-blox/spawn@1.1.0"]]

[[package]]
name = "red-blox/clock"
version = "1.0.0"
dependencies = []

[[package]]
name = "red-blox/collection"
version = "1.0.0"
dependencies = [["Spawn", "red-blox/spawn@1.1.0"]]

[[package]]
name = "red-blox/future"
version = "1.0.1"
dependencies = [["Spawn", "red-blox/spawn@1.1.0"]]

[[package]]
name = "red-blox/ratelimit"
version = "1.0.1"
dependencies = []

[[package]]
name = "red-blox/signal"
version = "2.0.2"
dependencies = [["Spawn", "red-blox/spawn@1.1.0"]]

[[package]]
name = "red-blox/spawn"
version = "1.1.0"
dependencies = []

[[package]]
name = "shebov3/roblox"
version = "1.0.0"
dependencies = [["Bin", "red-blox/bin@1.0.0"], ["Clock", "red-blox/clock@1.0.0"], ["Collection", "red-blox/collection@1.0.0"], ["Fusion", "elttob/fusion@0.2.0"], ["Future", "red-blox/future@1.0.1"], ["Lydie", "7kayoh/lydie@0.1.0"], ["Ratelimit", "red-blox/ratelimit@1.0.1"], ["Signal", "red-blox/signal@2.0.2"], ["Spawn", "red-blox/spawn@1.1.0"], ["boattween", "boatbomber/boattween@1.0.1"], ["fusionComponents", "virtualbutfake/fusion-components@0.1.18"], ["fusionUtils", "virtualbutfake/fusion-utils@0.1.2"], ["iris", "michael-48/iris@2.2.0"], ["neohotbar", "imavafe/neohotbar@1.1.1"], ["smartbone-2", "jakeywastaken/smartbone-2@0.3.1"], ["spring", "mastrickdev/spring@0.2.4"], ["tailwind", "virtualbutfake/tailwind@0.1.1"], ["themeFramework", "virtualbutfake/theme-framework@0.1.6"], ["topbarplus", "1foreverhd/topbarplus@3.0.2"], ["warp", "imezx/warp@1.0.12"]]

[[package]]
name = "virtualbutfake/fusion-components"
version = "0.1.18"
dependencies = [["Lucide", "virtualbutfake/lucide-roblox@1.1.3"], ["fusion", "elttob/fusion@0.2.0"], ["fusionUtils", "virtualbutfake/fusion-utils@0.1.2"], ["tailwind", "virtualbutfake/tailwind@0.1.1"], ["themeFramework", "virtualbutfake/theme-framework@0.1.6"]]

[[package]]
name = "virtualbutfake/fusion-utils"
version = "0.1.2"
dependencies = [["fusion", "elttob/fusion@0.2.0"]]

[[package]]
name = "virtualbutfake/lucide-roblox"
version = "1.1.3"
dependencies = []

[[package]]
name = "virtualbutfake/tailwind"
version = "0.1.1"
dependencies = []

[[package]]
name = "virtualbutfake/theme-framework"
version = "0.1.6"
dependencies = [["fusion", "elttob/fusion@0.2.0"], ["fusionUtils", "virtualbutfake/fusion-utils@0.1.2"], ["tailwind", "virtualbutfake/tailwind@0.1.1"]]
