# This file is automatically @generated by Wally.
# It is not intended for manual editing.
registry = "test"

[[package]]
name = "elttob/fusion"
version = "0.2.0"
dependencies = []

[[package]]
name = "evaera/promise"
version = "4.0.0"
dependencies = []

[[package]]
name = "shebov3/roblox"
version = "0.1.0"
dependencies = [["fusion", "elttob/fusion@0.2.0"], ["promise", "evaera/promise@4.0.0"], ["roblox", "shebov3/roblox@0.1.0"]]
